
Microsoft Visual Studio Solution File, Format Version 12.00
# Visual Studio Version 17
VisualStudioVersion = 17.12.35527.113 d17.12
MinimumVisualStudioVersion = 10.0.40219.1
Project("{FAE04EC0-301F-11D3-BF4B-00C04F79EFBC}") = "WebAPI2", "WebAPI2\WebAPI2.csproj", "{4430B36B-169F-44E4-950E-C320BD97A797}"
EndProject
Global
	GlobalSection(SolutionConfigurationPlatforms) = preSolution
		Debug|Any CPU = Debug|Any CPU
		Release|Any CPU = Release|Any CPU
	EndGlobalSection
	GlobalSection(ProjectConfigurationPlatforms) = postSolution
		{4430B36B-169F-44E4-950E-C320BD97A797}.Debug|Any CPU.ActiveCfg = Debug|Any CPU
		{4430B36B-169F-44E4-950E-C320BD97A797}.Debug|Any CPU.Build.0 = Debug|Any CPU
		{4430B36B-169F-44E4-950E-C320BD97A797}.Release|Any CPU.ActiveCfg = Release|Any CPU
		{4430B36B-169F-44E4-950E-C320BD97A797}.Release|Any CPU.Build.0 = Release|Any CPU
	EndGlobalSection
	GlobalSection(SolutionProperties) = preSolution
		HideSolutionNode = FALSE
	EndGlobalSection
EndGlobal
